
Microsoft Visual Studio Solution File, Format Version 12.00
# Visual Studio Version 16
VisualStudioVersion = 16.0.33927.289
MinimumVisualStudioVersion = 10.0.40219.1
Project("{2150E333-8FDC-42A3-9474-1A3956D46DE8}") = "Task0", "Task0", "{588BF507-8535-4477-A87B-8B903137BF49}"
EndProject
Project("{FAE04EC0-301F-11D3-BF4B-00C04F79EFBC}") = "Tyuiu.NikolaichukVS.Sprint1.Task0.V18", "Tyuiu.NikolaichukVS.Sprint1.Task0.V18\Tyuiu.NikolaichukVS.Sprint1.Task0.V18.csproj", "{C5D0F372-3549-43AB-AFD6-636131AA28A9}"
EndProject
Project("{FAE04EC0-301F-11D3-BF4B-00C04F79EFBC}") = "Tyuiu.NikolaichukVS.Sprint1.Task0.V18.Lib", "Tyuiu.NikolaichukVS.Sprint1.Task0.V18.Lib\Tyuiu.NikolaichukVS.Sprint1.Task0.V18.Lib.csproj", "{4B88103F-24D2-48DC-8EC4-2C9E35430997}"
EndProject
Project("{FAE04EC0-301F-11D3-BF4B-00C04F79EFBC}") = "Tyuiu.NikolaichukVS.Sprint1.Task0.V18.Test", "Tyuiu.NikolaichukVS.Sprint1.Task0.V18.Test\Tyuiu.NikolaichukVS.Sprint1.Task0.V18.Test.csproj", "{FB5F0921-E324-4716-92C1-82F8C2642BB9}"
EndProject
Project("{2150E333-8FDC-42A3-9474-1A3956D46DE8}") = "task", "task", "{56C235E9-B3F9-47F8-A8C0-326F2EBC2A5F}"
EndProject
Project("{FAE04EC0-301F-11D3-BF4B-00C04F79EFBC}") = "Tyuiu.NikolaichukVS.Sprint1", "Tyuiu.NikolaichukVS.Sprint1\Tyuiu.NikolaichukVS.Sprint1.csproj", "{BBAFEFBB-850C-430A-824C-C6774AB6B04D}"
EndProject
Project("{2150E333-8FDC-42A3-9474-1A3956D46DE8}") = "Task1", "Task1", "{D567978D-172D-4F14-AB02-05C689CF4BAA}"
EndProject
Project("{FAE04EC0-301F-11D3-BF4B-00C04F79EFBC}") = "Tyuiu.NikolajchukVS.Sprint1.Task1.V3", "Tyuiu.NikolajchukVS.Sprint1.Task1.V3\Tyuiu.NikolajchukVS.Sprint1.Task1.V3.csproj", "{A407B0F1-7906-4003-9B3A-998D931B7516}"
EndProject
Project("{FAE04EC0-301F-11D3-BF4B-00C04F79EFBC}") = "Tyuiu.NikolaichukVS.Sprint1.Task1.V3.Lib", "Tyuiu.NikolaichukVS.Sprint1.Task1.V3.Lib\Tyuiu.NikolaichukVS.Sprint1.Task1.V3.Lib.csproj", "{92F00751-8BFF-4D2B-B409-9A719D9F0863}"
EndProject
Project("{FAE04EC0-301F-11D3-BF4B-00C04F79EFBC}") = "Tyuiu.NikolaichukVS.Sprint1.Task1.V3.Test", "Tyuiu.NikolaichukVS.Sprint1.Task1.V3.Test\Tyuiu.NikolaichukVS.Sprint1.Task1.V3.Test.csproj", "{BF7BDECA-EAD5-4490-8AB4-A59C8C4B6119}"
EndProject
Project("{2150E333-8FDC-42A3-9474-1A3956D46DE8}") = "Task2", "Task2", "{A6B7A8DA-57F3-41D6-8385-54FF8F2DED90}"
EndProject
Project("{FAE04EC0-301F-11D3-BF4B-00C04F79EFBC}") = "Tyuiu.NikolaichukVS.Sprint1.Task2.V11", "Tyuiu.NikolaichukVS.Sprint1.Task2.V11\Tyuiu.NikolaichukVS.Sprint1.Task2.V11.csproj", "{77A5EF03-4533-424E-B538-D2434EE225FE}"
EndProject
Project("{FAE04EC0-301F-11D3-BF4B-00C04F79EFBC}") = "Tyuiu.NikolaichukVS.Sprint1.Task2.V11.Lib", "Tyuiu.NikolaichukVS.Sprint1.Task2.V11.Lib\Tyuiu.NikolaichukVS.Sprint1.Task2.V11.Lib.csproj", "{166D424E-16BA-4F4C-8EBE-DAD8B42258BC}"
EndProject
Project("{FAE04EC0-301F-11D3-BF4B-00C04F79EFBC}") = "Tyuiu.NikolaichukVS.Sprint1.Task2.V11.Test", "Tyuiu.NikolaichukVS.Sprint1.Task2.V11.Test\Tyuiu.NikolaichukVS.Sprint1.Task2.V11.Test.csproj", "{163D0510-9788-4E61-9546-9855A923708D}"
EndProject
Global
	GlobalSection(SolutionConfigurationPlatforms) = preSolution
		Debug|Any CPU = Debug|Any CPU
		Release|Any CPU = Release|Any CPU
	EndGlobalSection
	GlobalSection(ProjectConfigurationPlatforms) = postSolution
		{C5D0F372-3549-43AB-AFD6-636131AA28A9}.Debug|Any CPU.ActiveCfg = Debug|Any CPU
		{C5D0F372-3549-43AB-AFD6-636131AA28A9}.Debug|Any CPU.Build.0 = Debug|Any CPU
		{C5D0F372-3549-43AB-AFD6-636131AA28A9}.Release|Any CPU.ActiveCfg = Release|Any CPU
		{C5D0F372-3549-43AB-AFD6-636131AA28A9}.Release|Any CPU.Build.0 = Release|Any CPU
		{4B88103F-24D2-48DC-8EC4-2C9E35430997}.Debug|Any CPU.ActiveCfg = Debug|Any CPU
		{4B88103F-24D2-48DC-8EC4-2C9E35430997}.Debug|Any CPU.Build.0 = Debug|Any CPU
		{4B88103F-24D2-48DC-8EC4-2C9E35430997}.Release|Any CPU.ActiveCfg = Release|Any CPU
		{4B88103F-24D2-48DC-8EC4-2C9E35430997}.Release|Any CPU.Build.0 = Release|Any CPU
		{FB5F0921-E324-4716-92C1-82F8C2642BB9}.Debug|Any CPU.ActiveCfg = Debug|Any CPU
		{FB5F0921-E324-4716-92C1-82F8C2642BB9}.Debug|Any CPU.Build.0 = Debug|Any CPU
		{FB5F0921-E324-4716-92C1-82F8C2642BB9}.Release|Any CPU.ActiveCfg = Release|Any CPU
		{FB5F0921-E324-4716-92C1-82F8C2642BB9}.Release|Any CPU.Build.0 = Release|Any CPU
		{BBAFEFBB-850C-430A-824C-C6774AB6B04D}.Debug|Any CPU.ActiveCfg = Debug|Any CPU
		{BBAFEFBB-850C-430A-824C-C6774AB6B04D}.Debug|Any CPU.Build.0 = Debug|Any CPU
		{BBAFEFBB-850C-430A-824C-C6774AB6B04D}.Release|Any CPU.ActiveCfg = Release|Any CPU
		{BBAFEFBB-850C-430A-824C-C6774AB6B04D}.Release|Any CPU.Build.0 = Release|Any CPU
		{A407B0F1-7906-4003-9B3A-998D931B7516}.Debug|Any CPU.ActiveCfg = Debug|Any CPU
		{A407B0F1-7906-4003-9B3A-998D931B7516}.Debug|Any CPU.Build.0 = Debug|Any CPU
		{A407B0F1-7906-4003-9B3A-998D931B7516}.Release|Any CPU.ActiveCfg = Release|Any CPU
		{A407B0F1-7906-4003-9B3A-998D931B7516}.Release|Any CPU.Build.0 = Release|Any CPU
		{92F00751-8BFF-4D2B-B409-9A719D9F0863}.Debug|Any CPU.ActiveCfg = Debug|Any CPU
		{92F00751-8BFF-4D2B-B409-9A719D9F0863}.Debug|Any CPU.Build.0 = Debug|Any CPU
		{92F00751-8BFF-4D2B-B409-9A719D9F0863}.Release|Any CPU.ActiveCfg = Release|Any CPU
		{92F00751-8BFF-4D2B-B409-9A719D9F0863}.Release|Any CPU.Build.0 = Release|Any CPU
		{BF7BDECA-EAD5-4490-8AB4-A59C8C4B6119}.Debug|Any CPU.ActiveCfg = Debug|Any CPU
		{BF7BDECA-EAD5-4490-8AB4-A59C8C4B6119}.Debug|Any CPU.Build.0 = Debug|Any CPU
		{BF7BDECA-EAD5-4490-8AB4-A59C8C4B6119}.Release|Any CPU.ActiveCfg = Release|Any CPU
		{BF7BDECA-EAD5-4490-8AB4-A59C8C4B6119}.Release|Any CPU.Build.0 = Release|Any CPU
		{77A5EF03-4533-424E-B538-D2434EE225FE}.Debug|Any CPU.ActiveCfg = Debug|Any CPU
		{77A5EF03-4533-424E-B538-D2434EE225FE}.Debug|Any CPU.Build.0 = Debug|Any CPU
		{77A5EF03-4533-424E-B538-D2434EE225FE}.Release|Any CPU.ActiveCfg = Release|Any CPU
		{77A5EF03-4533-424E-B538-D2434EE225FE}.Release|Any CPU.Build.0 = Release|Any CPU
		{166D424E-16BA-4F4C-8EBE-DAD8B42258BC}.Debug|Any CPU.ActiveCfg = Debug|Any CPU
		{166D424E-16BA-4F4C-8EBE-DAD8B42258BC}.Debug|Any CPU.Build.0 = Debug|Any CPU
		{166D424E-16BA-4F4C-8EBE-DAD8B42258BC}.Release|Any CPU.ActiveCfg = Release|Any CPU
		{166D424E-16BA-4F4C-8EBE-DAD8B42258BC}.Release|Any CPU.Build.0 = Release|Any CPU
		{163D0510-9788-4E61-9546-9855A923708D}.Debug|Any CPU.ActiveCfg = Debug|Any CPU
		{163D0510-9788-4E61-9546-9855A923708D}.Debug|Any CPU.Build.0 = Debug|Any CPU
		{163D0510-9788-4E61-9546-9855A923708D}.Release|Any CPU.ActiveCfg = Release|Any CPU
		{163D0510-9788-4E61-9546-9855A923708D}.Release|Any CPU.Build.0 = Release|Any CPU
	EndGlobalSection
	GlobalSection(SolutionProperties) = preSolution
		HideSolutionNode = FALSE
	EndGlobalSection
	GlobalSection(NestedProjects) = preSolution
		{C5D0F372-3549-43AB-AFD6-636131AA28A9} = {588BF507-8535-4477-A87B-8B903137BF49}
		{4B88103F-24D2-48DC-8EC4-2C9E35430997} = {588BF507-8535-4477-A87B-8B903137BF49}
		{FB5F0921-E324-4716-92C1-82F8C2642BB9} = {588BF507-8535-4477-A87B-8B903137BF49}
		{BBAFEFBB-850C-430A-824C-C6774AB6B04D} = {56C235E9-B3F9-47F8-A8C0-326F2EBC2A5F}
		{A407B0F1-7906-4003-9B3A-998D931B7516} = {D567978D-172D-4F14-AB02-05C689CF4BAA}
		{92F00751-8BFF-4D2B-B409-9A719D9F0863} = {D567978D-172D-4F14-AB02-05C689CF4BAA}
		{BF7BDECA-EAD5-4490-8AB4-A59C8C4B6119} = {D567978D-172D-4F14-AB02-05C689CF4BAA}
		{77A5EF03-4533-424E-B538-D2434EE225FE} = {A6B7A8DA-57F3-41D6-8385-54FF8F2DED90}
		{166D424E-16BA-4F4C-8EBE-DAD8B42258BC} = {A6B7A8DA-57F3-41D6-8385-54FF8F2DED90}
		{163D0510-9788-4E61-9546-9855A923708D} = {A6B7A8DA-57F3-41D6-8385-54FF8F2DED90}
	EndGlobalSection
	GlobalSection(ExtensibilityGlobals) = postSolution
		SolutionGuid = {1DA32079-5929-476B-9CA6-DB96D881A609}
	EndGlobalSection
EndGlobal
